
Microsoft Visual Studio Solution File, Format Version 12.00
# Visual Studio 2012
Project("{FAE04EC0-301F-11D3-BF4B-00C04F79EFBC}") = "SQLiteEditor", "SQLiteEditor\SQLiteEditor.csproj", "{A7BC7C74-6113-410E-BADB-2EA78316AFDB}"
EndProject
Global
	GlobalSection(SolutionConfigurationPlatforms) = preSolution
		Debug|Any CPU = Debug|Any CPU
		Release|Any CPU = Release|Any CPU
	EndGlobalSection
	GlobalSection(ProjectConfigurationPlatforms) = postSolution
		{A7BC7C74-6113-410E-BADB-2EA78316AFDB}.Debug|Any CPU.ActiveCfg = Debug|Any CPU
		{A7BC7C74-6113-410E-BADB-2EA78316AFDB}.Debug|Any CPU.Build.0 = Debug|Any CPU
		{A7BC7C74-6113-410E-BADB-2EA78316AFDB}.Release|Any CPU.ActiveCfg = Release|Any CPU
		{A7BC7C74-6113-410E-BADB-2EA78316AFDB}.Release|Any CPU.Build.0 = Release|Any CPU
	EndGlobalSection
	GlobalSection(SolutionProperties) = preSolution
		HideSolutionNode = FALSE
	EndGlobalSection
EndGlobal
